{
  "lockfileVersion": 3,
  "name": "patreon-wordpress",
  "packages": {
    "": {
      "devDependencies": {
        "prettier": "^3.6.2"
      },
      "license": "Apache-2.0",
      "name": "patreon-wordpress",
      "version": "1.0.0"
    },
    "node_modules/prettier": {
      "bin": {
        "prettier": "bin/prettier.cjs"
      },
      "dev": true,
      "engines": {
        "node": ">=14"
      },
      "funding": {
        "url": "https://github.com/prettier/prettier?sponsor=1"
      },
      "integrity": "sha512-I7AIg5boAr5R0FFtJ6rCfD+LFsWHp81dolrFD8S79U9tb8Az2nGrJncnMSnys+bpQJfRUzqs9hnA81OAA3hCuQ==",
      "license": "MIT",
      "resolved": "https://registry.npmjs.org/prettier/-/prettier-3.6.2.tgz",
      "version": "3.6.2"
    }
  },
  "requires": true,
  "version": "1.0.0"
}
